
Microsoft Visual Studio Solution File, Format Version 12.00
# Visual Studio Version 16
VisualStudioVersion = 16.0.30907.101
MinimumVisualStudioVersion = 10.0.40219.1
Project("{FAE04EC0-301F-11D3-BF4B-00C04F79EFBC}") = "W4D1-1", "W4D1-1.csproj", "{57B08E6C-A855-4A99-9803-D84EA8A0B7B7}"
EndProject
Project("{FAE04EC0-301F-11D3-BF4B-00C04F79EFBC}") = "W4D1-2", "..\W4D1-2\W4D1-2.csproj", "{84FE65DD-ED16-41F0-AE71-155953239F4F}"
EndProject
Project("{FAE04EC0-301F-11D3-BF4B-00C04F79EFBC}") = "W4D1-3", "..\W4D1-3\W4D1-3.csproj", "{73DA611E-31D3-4939-A3D3-8BD2827C506B}"
EndProject
Project("{FAE04EC0-301F-11D3-BF4B-00C04F79EFBC}") = "W4D1-4", "..\W4D1-4\W4D1-4.csproj", "{72A4BDD8-73B0-44D6-93C5-4CCA7ECCDFF5}"
EndProject
Project("{FAE04EC0-301F-11D3-BF4B-00C04F79EFBC}") = "W4D1-5", "..\W4D1-5\W4D1-5.csproj", "{D6CB212F-D62C-4F08-A0DE-CDA95DDC5B62}"
EndProject
Project("{FAE04EC0-301F-11D3-BF4B-00C04F79EFBC}") = "W4D2-1", "..\W4D2-1\W4D2-1.csproj", "{CC7CF189-4A64-4432-9F8A-F1D791538CD4}"
EndProject
Project("{FAE04EC0-301F-11D3-BF4B-00C04F79EFBC}") = "W4D3-1", "..\W4D3-1\W4D3-1.csproj", "{188F9EB8-0356-4F57-BA75-2320DDED9C16}"
EndProject
Project("{FAE04EC0-301F-11D3-BF4B-00C04F79EFBC}") = "W4Library02", "..\W4Library02\W4Library02.csproj", "{617E1016-CA52-4502-8E4F-CBA276192B32}"
EndProject
Project("{FAE04EC0-301F-11D3-BF4B-00C04F79EFBC}") = "W4D4-1", "..\W4D4-1\W4D4-1.csproj", "{ECFE90E3-6A28-4565-A553-079B8C997151}"
EndProject
Project("{FAE04EC0-301F-11D3-BF4B-00C04F79EFBC}") = "W4D4-2", "..\W4D4-2\W4D4-2.csproj", "{C2F97E16-48CB-4136-89C5-8C502FE3EC60}"
EndProject
Project("{FAE04EC0-301F-11D3-BF4B-00C04F79EFBC}") = "W4D4-3", "..\W4D4-3\W4D4-3.csproj", "{1E8820D2-4EED-47C8-B42F-F56D393F6A3A}"
EndProject
Project("{FAE04EC0-301F-11D3-BF4B-00C04F79EFBC}") = "W4D4-5", "..\W4D4-5\W4D4-5.csproj", "{89ECB067-7268-4BE2-BA03-6D81D7CFE4BA}"
EndProject
Project("{FAE04EC0-301F-11D3-BF4B-00C04F79EFBC}") = "W4D4-4", "..\W4D4-4\W4D4-4.csproj", "{A0BACD69-32AD-4126-9FC8-60E951610534}"
EndProject
Project("{FAE04EC0-301F-11D3-BF4B-00C04F79EFBC}") = "W4Extra(Timer01)", "..\W4Extra(HorseRace)\W4Extra(Timer01).csproj", "{05018508-F50D-4A47-8393-146D5FAA4823}"
EndProject
Project("{FAE04EC0-301F-11D3-BF4B-00C04F79EFBC}") = "W4Extra(Horse)", "..\W4Extra(Horse)\W4Extra(Horse).csproj", "{BDF977AE-A64A-4AD9-9948-168B2A89C4C6}"
EndProject
Project("{FAE04EC0-301F-11D3-BF4B-00C04F79EFBC}") = "W4Extra(CFK)", "..\W4Extra(CFK)\W4Extra(CFK).csproj", "{DEFE4DF1-1B03-4B96-9D66-09F7674BFDD9}"
EndProject
Global
	GlobalSection(SolutionConfigurationPlatforms) = preSolution
		Debug|Any CPU = Debug|Any CPU
		Release|Any CPU = Release|Any CPU
	EndGlobalSection
	GlobalSection(ProjectConfigurationPlatforms) = postSolution
		{57B08E6C-A855-4A99-9803-D84EA8A0B7B7}.Debug|Any CPU.ActiveCfg = Debug|Any CPU
		{57B08E6C-A855-4A99-9803-D84EA8A0B7B7}.Debug|Any CPU.Build.0 = Debug|Any CPU
		{57B08E6C-A855-4A99-9803-D84EA8A0B7B7}.Release|Any CPU.ActiveCfg = Release|Any CPU
		{57B08E6C-A855-4A99-9803-D84EA8A0B7B7}.Release|Any CPU.Build.0 = Release|Any CPU
		{84FE65DD-ED16-41F0-AE71-155953239F4F}.Debug|Any CPU.ActiveCfg = Debug|Any CPU
		{84FE65DD-ED16-41F0-AE71-155953239F4F}.Debug|Any CPU.Build.0 = Debug|Any CPU
		{84FE65DD-ED16-41F0-AE71-155953239F4F}.Release|Any CPU.ActiveCfg = Release|Any CPU
		{84FE65DD-ED16-41F0-AE71-155953239F4F}.Release|Any CPU.Build.0 = Release|Any CPU
		{73DA611E-31D3-4939-A3D3-8BD2827C506B}.Debug|Any CPU.ActiveCfg = Debug|Any CPU
		{73DA611E-31D3-4939-A3D3-8BD2827C506B}.Debug|Any CPU.Build.0 = Debug|Any CPU
		{73DA611E-31D3-4939-A3D3-8BD2827C506B}.Release|Any CPU.ActiveCfg = Release|Any CPU
		{73DA611E-31D3-4939-A3D3-8BD2827C506B}.Release|Any CPU.Build.0 = Release|Any CPU
		{72A4BDD8-73B0-44D6-93C5-4CCA7ECCDFF5}.Debug|Any CPU.ActiveCfg = Debug|Any CPU
		{72A4BDD8-73B0-44D6-93C5-4CCA7ECCDFF5}.Debug|Any CPU.Build.0 = Debug|Any CPU
		{72A4BDD8-73B0-44D6-93C5-4CCA7ECCDFF5}.Release|Any CPU.ActiveCfg = Release|Any CPU
		{72A4BDD8-73B0-44D6-93C5-4CCA7ECCDFF5}.Release|Any CPU.Build.0 = Release|Any CPU
		{D6CB212F-D62C-4F08-A0DE-CDA95DDC5B62}.Debug|Any CPU.ActiveCfg = Debug|Any CPU
		{D6CB212F-D62C-4F08-A0DE-CDA95DDC5B62}.Debug|Any CPU.Build.0 = Debug|Any CPU
		{D6CB212F-D62C-4F08-A0DE-CDA95DDC5B62}.Release|Any CPU.ActiveCfg = Release|Any CPU
		{D6CB212F-D62C-4F08-A0DE-CDA95DDC5B62}.Release|Any CPU.Build.0 = Release|Any CPU
		{CC7CF189-4A64-4432-9F8A-F1D791538CD4}.Debug|Any CPU.ActiveCfg = Debug|Any CPU
		{CC7CF189-4A64-4432-9F8A-F1D791538CD4}.Debug|Any CPU.Build.0 = Debug|Any CPU
		{CC7CF189-4A64-4432-9F8A-F1D791538CD4}.Release|Any CPU.ActiveCfg = Release|Any CPU
		{CC7CF189-4A64-4432-9F8A-F1D791538CD4}.Release|Any CPU.Build.0 = Release|Any CPU
		{188F9EB8-0356-4F57-BA75-2320DDED9C16}.Debug|Any CPU.ActiveCfg = Debug|Any CPU
		{188F9EB8-0356-4F57-BA75-2320DDED9C16}.Debug|Any CPU.Build.0 = Debug|Any CPU
		{188F9EB8-0356-4F57-BA75-2320DDED9C16}.Release|Any CPU.ActiveCfg = Release|Any CPU
		{188F9EB8-0356-4F57-BA75-2320DDED9C16}.Release|Any CPU.Build.0 = Release|Any CPU
		{617E1016-CA52-4502-8E4F-CBA276192B32}.Debug|Any CPU.ActiveCfg = Debug|Any CPU
		{617E1016-CA52-4502-8E4F-CBA276192B32}.Debug|Any CPU.Build.0 = Debug|Any CPU
		{617E1016-CA52-4502-8E4F-CBA276192B32}.Release|Any CPU.ActiveCfg = Release|Any CPU
		{617E1016-CA52-4502-8E4F-CBA276192B32}.Release|Any CPU.Build.0 = Release|Any CPU
		{ECFE90E3-6A28-4565-A553-079B8C997151}.Debug|Any CPU.ActiveCfg = Debug|Any CPU
		{ECFE90E3-6A28-4565-A553-079B8C997151}.Debug|Any CPU.Build.0 = Debug|Any CPU
		{ECFE90E3-6A28-4565-A553-079B8C997151}.Release|Any CPU.ActiveCfg = Release|Any CPU
		{ECFE90E3-6A28-4565-A553-079B8C997151}.Release|Any CPU.Build.0 = Release|Any CPU
		{C2F97E16-48CB-4136-89C5-8C502FE3EC60}.Debug|Any CPU.ActiveCfg = Debug|Any CPU
		{C2F97E16-48CB-4136-89C5-8C502FE3EC60}.Debug|Any CPU.Build.0 = Debug|Any CPU
		{C2F97E16-48CB-4136-89C5-8C502FE3EC60}.Release|Any CPU.ActiveCfg = Release|Any CPU
		{C2F97E16-48CB-4136-89C5-8C502FE3EC60}.Release|Any CPU.Build.0 = Release|Any CPU
		{1E8820D2-4EED-47C8-B42F-F56D393F6A3A}.Debug|Any CPU.ActiveCfg = Debug|Any CPU
		{1E8820D2-4EED-47C8-B42F-F56D393F6A3A}.Debug|Any CPU.Build.0 = Debug|Any CPU
		{1E8820D2-4EED-47C8-B42F-F56D393F6A3A}.Release|Any CPU.ActiveCfg = Release|Any CPU
		{1E8820D2-4EED-47C8-B42F-F56D393F6A3A}.Release|Any CPU.Build.0 = Release|Any CPU
		{89ECB067-7268-4BE2-BA03-6D81D7CFE4BA}.Debug|Any CPU.ActiveCfg = Debug|Any CPU
		{89ECB067-7268-4BE2-BA03-6D81D7CFE4BA}.Debug|Any CPU.Build.0 = Debug|Any CPU
		{89ECB067-7268-4BE2-BA03-6D81D7CFE4BA}.Release|Any CPU.ActiveCfg = Release|Any CPU
		{89ECB067-7268-4BE2-BA03-6D81D7CFE4BA}.Release|Any CPU.Build.0 = Release|Any CPU
		{A0BACD69-32AD-4126-9FC8-60E951610534}.Debug|Any CPU.ActiveCfg = Debug|Any CPU
		{A0BACD69-32AD-4126-9FC8-60E951610534}.Debug|Any CPU.Build.0 = Debug|Any CPU
		{A0BACD69-32AD-4126-9FC8-60E951610534}.Release|Any CPU.ActiveCfg = Release|Any CPU
		{A0BACD69-32AD-4126-9FC8-60E951610534}.Release|Any CPU.Build.0 = Release|Any CPU
		{05018508-F50D-4A47-8393-146D5FAA4823}.Debug|Any CPU.ActiveCfg = Debug|Any CPU
		{05018508-F50D-4A47-8393-146D5FAA4823}.Debug|Any CPU.Build.0 = Debug|Any CPU
		{05018508-F50D-4A47-8393-146D5FAA4823}.Release|Any CPU.ActiveCfg = Release|Any CPU
		{05018508-F50D-4A47-8393-146D5FAA4823}.Release|Any CPU.Build.0 = Release|Any CPU
		{BDF977AE-A64A-4AD9-9948-168B2A89C4C6}.Debug|Any CPU.ActiveCfg = Debug|Any CPU
		{BDF977AE-A64A-4AD9-9948-168B2A89C4C6}.Debug|Any CPU.Build.0 = Debug|Any CPU
		{BDF977AE-A64A-4AD9-9948-168B2A89C4C6}.Release|Any CPU.ActiveCfg = Release|Any CPU
		{BDF977AE-A64A-4AD9-9948-168B2A89C4C6}.Release|Any CPU.Build.0 = Release|Any CPU
		{DEFE4DF1-1B03-4B96-9D66-09F7674BFDD9}.Debug|Any CPU.ActiveCfg = Debug|Any CPU
		{DEFE4DF1-1B03-4B96-9D66-09F7674BFDD9}.Debug|Any CPU.Build.0 = Debug|Any CPU
		{DEFE4DF1-1B03-4B96-9D66-09F7674BFDD9}.Release|Any CPU.ActiveCfg = Release|Any CPU
		{DEFE4DF1-1B03-4B96-9D66-09F7674BFDD9}.Release|Any CPU.Build.0 = Release|Any CPU
	EndGlobalSection
	GlobalSection(SolutionProperties) = preSolution
		HideSolutionNode = FALSE
	EndGlobalSection
	GlobalSection(ExtensibilityGlobals) = postSolution
		SolutionGuid = {6F6D08CC-A8C6-4F5C-9832-013AF106AD06}
	EndGlobalSection
EndGlobal
